
Microsoft Visual Studio Solution File, Format Version 12.00
# Visual Studio Version 17
VisualStudioVersion = 17.5.002.0
MinimumVisualStudioVersion = 10.0.40219.1
Project("{9A19103F-16F7-4668-BE54-9A1E7A4F7556}") = "MyWebApp", "MyWebApp.csproj", "{7195D940-CBC2-4D71-BAF8-31C61902D3F0}"
EndProject
Global
	GlobalSection(SolutionConfigurationPlatforms) = preSolution
		Debug|Any CPU = Debug|Any CPU
		Release|Any CPU = Release|Any CPU
	EndGlobalSection
	GlobalSection(ProjectConfigurationPlatforms) = postSolution
		{7195D940-CBC2-4D71-BAF8-31C61902D3F0}.Debug|Any CPU.ActiveCfg = Debug|Any CPU
		{7195D940-CBC2-4D71-BAF8-31C61902D3F0}.Debug|Any CPU.Build.0 = Debug|Any CPU
		{7195D940-CBC2-4D71-BAF8-31C61902D3F0}.Release|Any CPU.ActiveCfg = Release|Any CPU
		{7195D940-CBC2-4D71-BAF8-31C61902D3F0}.Release|Any CPU.Build.0 = Release|Any CPU
	EndGlobalSection
	GlobalSection(SolutionProperties) = preSolution
		HideSolutionNode = FALSE
	EndGlobalSection
	GlobalSection(ExtensibilityGlobals) = postSolution
		SolutionGuid = {CDF3C22F-8ED7-447B-9BE7-3E457BB45F1A}
	EndGlobalSection
EndGlobal
